{
    "version": 3,
    "terraform_version": "0.9.1",
    "serial": 9,
    "lineage": "a6125837-43e5-482f-815c-502ba20f89b9",
    "modules": [
        {
            "path": [
                "root"
            ],
            "outputs": {
                "ip": {
                    "sensitive": false,
                    "type": "string",
                    "value": "54.235.67.131"
                }
            },
            "resources": {
                "aws_eip.ip": {
                    "type": "aws_eip",
                    "depends_on": [
                        "aws_instance.example"
                    ],
                    "primary": {
                        "id": "54.235.67.131",
                        "attributes": {
                            "association_id": "",
                            "domain": "standard",
                            "id": "54.235.67.131",
                            "instance": "i-00ecd33cdcf5e6bf5",
                            "network_interface": "",
                            "private_ip": "",
                            "public_ip": "54.235.67.131",
                            "vpc": "false"
                        },
                        "meta": {},
                        "tainted": false
                    },
                    "deposed": [],
                    "provider": ""
                },
                "aws_instance.example": {
                    "type": "aws_instance",
                    "depends_on": [],
                    "primary": {
                        "id": "i-00ecd33cdcf5e6bf5",
                        "attributes": {
                            "ami": "ami-408c7f28",
                            "availability_zone": "us-east-1d",
                            "disable_api_termination": "false",
                            "ebs_block_device.#": "0",
                            "ebs_optimized": "false",
                            "ephemeral_block_device.#": "0",
                            "iam_instance_profile": "",
                            "id": "i-00ecd33cdcf5e6bf5",
                            "instance_state": "running",
                            "instance_type": "t1.micro",
                            "ipv6_addresses.#": "0",
                            "key_name": "",
                            "monitoring": "false",
                            "network_interface_id": "",
                            "private_dns": "ip-10-123-237-99.ec2.internal",
                            "private_ip": "10.123.237.99",
                            "public_dns": "ec2-54-90-107-61.compute-1.amazonaws.com",
                            "public_ip": "54.90.107.61",
                            "root_block_device.#": "1",
                            "root_block_device.0.delete_on_termination": "true",
                            "root_block_device.0.iops": "0",
                            "root_block_device.0.volume_size": "8",
                            "root_block_device.0.volume_type": "standard",
                            "security_groups.#": "1",
                            "security_groups.3814588639": "default",
                            "source_dest_check": "true",
                            "subnet_id": "",
                            "tags.%": "0",
                            "tenancy": "default",
                            "vpc_security_group_ids.#": "0"
                        },
                        "meta": {
                            "schema_version": "1"
                        },
                        "tainted": false
                    },
                    "deposed": [],
                    "provider": ""
                }
            },
            "depends_on": []
        }
    ]
}
